
Microsoft Visual Studio Solution File, Format Version 12.00
# Visual Studio Version 16
VisualStudioVersion = 16.0.31005.135
MinimumVisualStudioVersion = 10.0.40219.1
Project("{8BC9CEB8-8B4A-11D0-8D11-00A0C91BC942}") = "Масивы 9 задание", "Масивы 9 задание.vcxproj", "{66C2B1B1-60C5-4A75-850F-648775B7DEB6}"
EndProject
Global
	GlobalSection(SolutionConfigurationPlatforms) = preSolution
		Debug|x64 = Debug|x64
		Debug|x86 = Debug|x86
		Release|x64 = Release|x64
		Release|x86 = Release|x86
	EndGlobalSection
	GlobalSection(ProjectConfigurationPlatforms) = postSolution
		{66C2B1B1-60C5-4A75-850F-648775B7DEB6}.Debug|x64.ActiveCfg = Debug|x64
		{66C2B1B1-60C5-4A75-850F-648775B7DEB6}.Debug|x64.Build.0 = Debug|x64
		{66C2B1B1-60C5-4A75-850F-648775B7DEB6}.Debug|x86.ActiveCfg = Debug|Win32
		{66C2B1B1-60C5-4A75-850F-648775B7DEB6}.Debug|x86.Build.0 = Debug|Win32
		{66C2B1B1-60C5-4A75-850F-648775B7DEB6}.Release|x64.ActiveCfg = Release|x64
		{66C2B1B1-60C5-4A75-850F-648775B7DEB6}.Release|x64.Build.0 = Release|x64
		{66C2B1B1-60C5-4A75-850F-648775B7DEB6}.Release|x86.ActiveCfg = Release|Win32
		{66C2B1B1-60C5-4A75-850F-648775B7DEB6}.Release|x86.Build.0 = Release|Win32
	EndGlobalSection
	GlobalSection(SolutionProperties) = preSolution
		HideSolutionNode = FALSE
	EndGlobalSection
	GlobalSection(ExtensibilityGlobals) = postSolution
		SolutionGuid = {73F7350C-8D3B-47C8-BFC1-E215407683F4}
	EndGlobalSection
EndGlobal
